
Microsoft Visual Studio Solution File, Format Version 12.00
# Visual Studio Version 16
VisualStudioVersion = 16.0.31025.194
MinimumVisualStudioVersion = 10.0.40219.1
Project("{9A19103F-16F7-4668-BE54-9A1E7A4F7556}") = "Razor_Pages_Web", "Test\Razor_Pages_Web.csproj", "{215C6CA7-6F9C-41B9-888D-94B40CBA9AAE}"
EndProject
Project("{9A19103F-16F7-4668-BE54-9A1E7A4F7556}") = "DataAccessLibary", "DataAccessLibary\DataAccessLibary.csproj", "{A08169AB-1A27-4095-A031-2F3E78BF4F9E}"
EndProject
Global
	GlobalSection(SolutionConfigurationPlatforms) = preSolution
		Debug|Any CPU = Debug|Any CPU
		Release|Any CPU = Release|Any CPU
	EndGlobalSection
	GlobalSection(ProjectConfigurationPlatforms) = postSolution
		{215C6CA7-6F9C-41B9-888D-94B40CBA9AAE}.Debug|Any CPU.ActiveCfg = Debug|Any CPU
		{215C6CA7-6F9C-41B9-888D-94B40CBA9AAE}.Debug|Any CPU.Build.0 = Debug|Any CPU
		{215C6CA7-6F9C-41B9-888D-94B40CBA9AAE}.Release|Any CPU.ActiveCfg = Release|Any CPU
		{215C6CA7-6F9C-41B9-888D-94B40CBA9AAE}.Release|Any CPU.Build.0 = Release|Any CPU
		{A08169AB-1A27-4095-A031-2F3E78BF4F9E}.Debug|Any CPU.ActiveCfg = Debug|Any CPU
		{A08169AB-1A27-4095-A031-2F3E78BF4F9E}.Debug|Any CPU.Build.0 = Debug|Any CPU
		{A08169AB-1A27-4095-A031-2F3E78BF4F9E}.Release|Any CPU.ActiveCfg = Release|Any CPU
		{A08169AB-1A27-4095-A031-2F3E78BF4F9E}.Release|Any CPU.Build.0 = Release|Any CPU
	EndGlobalSection
	GlobalSection(SolutionProperties) = preSolution
		HideSolutionNode = FALSE
	EndGlobalSection
	GlobalSection(ExtensibilityGlobals) = postSolution
		SolutionGuid = {115AA7A1-BB6F-4D21-97C0-DE3E93AE0CAF}
	EndGlobalSection
EndGlobal
